Microsoft Visual Studio Solution File, Format Version 12.00
# Visual Studio Version 17
VisualStudioVersion = 17.5.2.0
MinimumVisualStudioVersion = 10.0.40219.1
Project("{FAE04EC0-301F-11D3-BF4B-00C04F79EFBC}") = "CRUD_EF", "CRUD_EF\CRUD_EF.csproj", "{7E2E26B0-6EE5-4454-E617-9F3F1B794667}"
EndProject
Project("{FAE04EC0-301F-11D3-BF4B-00C04F79EFBC}") = "MVC_EF_SP", "MVC_EF_SP\MVC_EF_SP.csproj", "{14E109E4-FA01-0B50-17B3-79E874D98B48}"
EndProject
Project("{FAE04EC0-301F-11D3-BF4B-00C04F79EFBC}") = "Pruebas.net", "Pruebas.net\Pruebas.net.csproj", "{5B98C22A-8F10-A274-4B7D-AEF7E256307A}"
EndProject
Project("{2150E333-8FDC-42A3-9474-1A3956D46DE8}") = "CRUD_MVC_NCAPAS", "CRUD_MVC_NCAPAS", "{017CF3F9-889B-57E1-8C00-8DEB9E9ABEB4}"
EndProject
Project("{2150E333-8FDC-42A3-9474-1A3956D46DE8}") = "EVC2.NET", "EVC2.NET", "{931849FF-42F4-89EB-C393-E7EA2440665F}"
EndProject
Project("{2150E333-8FDC-42A3-9474-1A3956D46DE8}") = "WebApiCrud", "WebApiCrud", "{4F387037-C864-4304-B34A-81149BF00B9E}"
EndProject
Project("{FAE04EC0-301F-11D3-BF4B-00C04F79EFBC}") = "BusinessLayer", "CRUD_MVC_NCAPAS\BusinessLayer\BusinessLayer.csproj", "{AA07F599-2A7F-C66C-34CD-13DFC00285F6}"
EndProject
Project("{FAE04EC0-301F-11D3-BF4B-00C04F79EFBC}") = "DataAccess", "CRUD_MVC_NCAPAS\DataAccess\DataAccess.csproj", "{E2F57B4D-7D4C-9348-490C-8011DC546DFE}"
EndProject
Project("{FAE04EC0-301F-11D3-BF4B-00C04F79EFBC}") = "PresentationLayer", "CRUD_MVC_NCAPAS\PresentationLayer\PresentationLayer.csproj", "{F6F44C33-30D9-8542-8F6C-B0E0B5C61838}"
EndProject
Project("{FAE04EC0-301F-11D3-BF4B-00C04F79EFBC}") = "BusinessLayer", "EVC2.NET\BusinessLayer\BusinessLayer.csproj", "{092B7653-DC81-2D7A-64D6-D5AE5385FB82}"
EndProject
Project("{FAE04EC0-301F-11D3-BF4B-00C04F79EFBC}") = "DataAccess", "EVC2.NET\DataAccess\DataAccess.csproj", "{A02B028B-3C0B-816E-26AD-78C6EA829B5B}"
EndProject
Project("{FAE04EC0-301F-11D3-BF4B-00C04F79EFBC}") = "PresentationLayer", "EVC2.NET\PresentationLayer\PresentationLayer.csproj", "{BE235483-C9E7-88B1-D5A7-727B257D9ED7}"
EndProject
Project("{FAE04EC0-301F-11D3-BF4B-00C04F79EFBC}") = "BusinessLayer", "WebApiCrud\BusinessLayer\BusinessLayer.csproj", "{9D964E99-8CFF-672E-EB9D-40386AC437ED}"
EndProject
Project("{FAE04EC0-301F-11D3-BF4B-00C04F79EFBC}") = "DataAccess", "WebApiCrud\DataAccess\DataAccess.csproj", "{F7B76B27-7B14-F081-FC40-B705BA9DAF2A}"
EndProject
Project("{FAE04EC0-301F-11D3-BF4B-00C04F79EFBC}") = "PresentationLayerCrudApi", "WebApiCrud\PresentationLayerCrudApi\PresentationLayerCrudApi.csproj", "{1DFAF25B-76AA-98D8-6F4C-439C463A0AD3}"
EndProject
Global
	GlobalSection(SolutionConfigurationPlatforms) = preSolution
		Debug|Any CPU = Debug|Any CPU
		Release|Any CPU = Release|Any CPU
	EndGlobalSection
	GlobalSection(ProjectConfigurationPlatforms) = postSolution
		{7E2E26B0-6EE5-4454-E617-9F3F1B794667}.Debug|Any CPU.ActiveCfg = Debug|Any CPU
		{7E2E26B0-6EE5-4454-E617-9F3F1B794667}.Debug|Any CPU.Build.0 = Debug|Any CPU
		{7E2E26B0-6EE5-4454-E617-9F3F1B794667}.Release|Any CPU.ActiveCfg = Release|Any CPU
		{7E2E26B0-6EE5-4454-E617-9F3F1B794667}.Release|Any CPU.Build.0 = Release|Any CPU
		{14E109E4-FA01-0B50-17B3-79E874D98B48}.Debug|Any CPU.ActiveCfg = Debug|Any CPU
		{14E109E4-FA01-0B50-17B3-79E874D98B48}.Debug|Any CPU.Build.0 = Debug|Any CPU
		{14E109E4-FA01-0B50-17B3-79E874D98B48}.Release|Any CPU.ActiveCfg = Release|Any CPU
		{14E109E4-FA01-0B50-17B3-79E874D98B48}.Release|Any CPU.Build.0 = Release|Any CPU
		{5B98C22A-8F10-A274-4B7D-AEF7E256307A}.Debug|Any CPU.ActiveCfg = Debug|Any CPU
		{5B98C22A-8F10-A274-4B7D-AEF7E256307A}.Debug|Any CPU.Build.0 = Debug|Any CPU
		{5B98C22A-8F10-A274-4B7D-AEF7E256307A}.Release|Any CPU.ActiveCfg = Release|Any CPU
		{5B98C22A-8F10-A274-4B7D-AEF7E256307A}.Release|Any CPU.Build.0 = Release|Any CPU
		{AA07F599-2A7F-C66C-34CD-13DFC00285F6}.Debug|Any CPU.ActiveCfg = Debug|Any CPU
		{AA07F599-2A7F-C66C-34CD-13DFC00285F6}.Debug|Any CPU.Build.0 = Debug|Any CPU
		{AA07F599-2A7F-C66C-34CD-13DFC00285F6}.Release|Any CPU.ActiveCfg = Release|Any CPU
		{AA07F599-2A7F-C66C-34CD-13DFC00285F6}.Release|Any CPU.Build.0 = Release|Any CPU
		{E2F57B4D-7D4C-9348-490C-8011DC546DFE}.Debug|Any CPU.ActiveCfg = Debug|Any CPU
		{E2F57B4D-7D4C-9348-490C-8011DC546DFE}.Debug|Any CPU.Build.0 = Debug|Any CPU
		{E2F57B4D-7D4C-9348-490C-8011DC546DFE}.Release|Any CPU.ActiveCfg = Release|Any CPU
		{E2F57B4D-7D4C-9348-490C-8011DC546DFE}.Release|Any CPU.Build.0 = Release|Any CPU
		{F6F44C33-30D9-8542-8F6C-B0E0B5C61838}.Debug|Any CPU.ActiveCfg = Debug|Any CPU
		{F6F44C33-30D9-8542-8F6C-B0E0B5C61838}.Debug|Any CPU.Build.0 = Debug|Any CPU
		{F6F44C33-30D9-8542-8F6C-B0E0B5C61838}.Release|Any CPU.ActiveCfg = Release|Any CPU
		{F6F44C33-30D9-8542-8F6C-B0E0B5C61838}.Release|Any CPU.Build.0 = Release|Any CPU
		{092B7653-DC81-2D7A-64D6-D5AE5385FB82}.Debug|Any CPU.ActiveCfg = Debug|Any CPU
		{092B7653-DC81-2D7A-64D6-D5AE5385FB82}.Debug|Any CPU.Build.0 = Debug|Any CPU
		{092B7653-DC81-2D7A-64D6-D5AE5385FB82}.Release|Any CPU.ActiveCfg = Release|Any CPU
		{092B7653-DC81-2D7A-64D6-D5AE5385FB82}.Release|Any CPU.Build.0 = Release|Any CPU
		{A02B028B-3C0B-816E-26AD-78C6EA829B5B}.Debug|Any CPU.ActiveCfg = Debug|Any CPU
		{A02B028B-3C0B-816E-26AD-78C6EA829B5B}.Debug|Any CPU.Build.0 = Debug|Any CPU
		{A02B028B-3C0B-816E-26AD-78C6EA829B5B}.Release|Any CPU.ActiveCfg = Release|Any CPU
		{A02B028B-3C0B-816E-26AD-78C6EA829B5B}.Release|Any CPU.Build.0 = Release|Any CPU
		{BE235483-C9E7-88B1-D5A7-727B257D9ED7}.Debug|Any CPU.ActiveCfg = Debug|Any CPU
		{BE235483-C9E7-88B1-D5A7-727B257D9ED7}.Debug|Any CPU.Build.0 = Debug|Any CPU
		{BE235483-C9E7-88B1-D5A7-727B257D9ED7}.Release|Any CPU.ActiveCfg = Release|Any CPU
		{BE235483-C9E7-88B1-D5A7-727B257D9ED7}.Release|Any CPU.Build.0 = Release|Any CPU
		{9D964E99-8CFF-672E-EB9D-40386AC437ED}.Debug|Any CPU.ActiveCfg = Debug|Any CPU
		{9D964E99-8CFF-672E-EB9D-40386AC437ED}.Debug|Any CPU.Build.0 = Debug|Any CPU
		{9D964E99-8CFF-672E-EB9D-40386AC437ED}.Release|Any CPU.ActiveCfg = Release|Any CPU
		{9D964E99-8CFF-672E-EB9D-40386AC437ED}.Release|Any CPU.Build.0 = Release|Any CPU
		{F7B76B27-7B14-F081-FC40-B705BA9DAF2A}.Debug|Any CPU.ActiveCfg = Debug|Any CPU
		{F7B76B27-7B14-F081-FC40-B705BA9DAF2A}.Debug|Any CPU.Build.0 = Debug|Any CPU
		{F7B76B27-7B14-F081-FC40-B705BA9DAF2A}.Release|Any CPU.ActiveCfg = Release|Any CPU
		{F7B76B27-7B14-F081-FC40-B705BA9DAF2A}.Release|Any CPU.Build.0 = Release|Any CPU
		{1DFAF25B-76AA-98D8-6F4C-439C463A0AD3}.Debug|Any CPU.ActiveCfg = Debug|Any CPU
		{1DFAF25B-76AA-98D8-6F4C-439C463A0AD3}.Debug|Any CPU.Build.0 = Debug|Any CPU
		{1DFAF25B-76AA-98D8-6F4C-439C463A0AD3}.Release|Any CPU.ActiveCfg = Release|Any CPU
		{1DFAF25B-76AA-98D8-6F4C-439C463A0AD3}.Release|Any CPU.Build.0 = Release|Any CPU
	EndGlobalSection
	GlobalSection(SolutionProperties) = preSolution
		HideSolutionNode = FALSE
	EndGlobalSection
	GlobalSection(NestedProjects) = preSolution
		{AA07F599-2A7F-C66C-34CD-13DFC00285F6} = {017CF3F9-889B-57E1-8C00-8DEB9E9ABEB4}
		{E2F57B4D-7D4C-9348-490C-8011DC546DFE} = {017CF3F9-889B-57E1-8C00-8DEB9E9ABEB4}
		{F6F44C33-30D9-8542-8F6C-B0E0B5C61838} = {017CF3F9-889B-57E1-8C00-8DEB9E9ABEB4}
		{092B7653-DC81-2D7A-64D6-D5AE5385FB82} = {931849FF-42F4-89EB-C393-E7EA2440665F}
		{A02B028B-3C0B-816E-26AD-78C6EA829B5B} = {931849FF-42F4-89EB-C393-E7EA2440665F}
		{BE235483-C9E7-88B1-D5A7-727B257D9ED7} = {931849FF-42F4-89EB-C393-E7EA2440665F}
		{9D964E99-8CFF-672E-EB9D-40386AC437ED} = {4F387037-C864-4304-B34A-81149BF00B9E}
		{F7B76B27-7B14-F081-FC40-B705BA9DAF2A} = {4F387037-C864-4304-B34A-81149BF00B9E}
		{1DFAF25B-76AA-98D8-6F4C-439C463A0AD3} = {4F387037-C864-4304-B34A-81149BF00B9E}
	EndGlobalSection
	GlobalSection(ExtensibilityGlobals) = postSolution
		SolutionGuid = {9CAB8486-3223-4696-8755-9B8504DD993B}
	EndGlobalSection
EndGlobal
